<?xml version="1.0" encoding="utf-8"?>
<Project ToolsVersion="4.0" xmlns="http://schemas.microsoft.com/developer/msbuild/2003">
  <ItemGroup>
    <Filter Include="DB">
      <UniqueIdentifier>{5e88b23d-7604-487d-9f8b-1c0156ec8223}</UniqueIdentifier>
    </Filter>
    <Filter Include="GameContents">
      <UniqueIdentifier>{cfc80ea6-3121-41c8-85f3-360b99d48f7f}</UniqueIdentifier>
    </Filter>
    <Filter Include="Main">
      <UniqueIdentifier>{99def78e-9056-439e-93e2-988259877304}</UniqueIdentifier>
    </Filter>
    <Filter Include="Protocol">
      <UniqueIdentifier>{d8b5dc67-00ac-4ef9-a9f9-786c8325ade5}</UniqueIdentifier>
    </Filter>
    <Filter Include="Utils">
      <UniqueIdentifier>{b7c44bab-67e1-4034-893b-2ff2153ef23b}</UniqueIdentifier>
    </Filter>
    <Filter Include="Lua">
      <UniqueIdentifier>{30db707f-a41c-493b-9e36-ae9e8ccf0b60}</UniqueIdentifier>
    </Filter>
  </ItemGroup>
  <ItemGroup>
    <ClInclude Include="pch.h">
      <Filter>Utils</Filter>
    </ClInclude>
    <ClInclude Include="include\lauxlib.h">
      <Filter>Lua</Filter>
    </ClInclude>
    <ClInclude Include="include\lua.h">
      <Filter>Lua</Filter>
    </ClInclude>
    <ClInclude Include="include\lua.hpp">
      <Filter>Lua</Filter>
    </ClInclude>
    <ClInclude Include="include\luaconf.h">
      <Filter>Lua</Filter>
    </ClInclude>
    <ClInclude Include="include\lualib.h">
      <Filter>Lua</Filter>
    </ClInclude>
    <ClInclude Include="protocol.h">
      <Filter>Utils</Filter>
    </ClInclude>
  </ItemGroup>
  <ItemGroup>
    <ClCompile Include="pch.cpp">
      <Filter>Utils</Filter>
    </ClCompile>
    <ClCompile Include="ServerMain.cpp">
      <Filter>Main</Filter>
    </ClCompile>
  </ItemGroup>
</Project>